
Microsoft Visual Studio Solution File, Format Version 12.00
# Visual Studio Version 16
VisualStudioVersion = 16.0.30907.101
MinimumVisualStudioVersion = 10.0.40219.1
Project("{9A19103F-16F7-4668-BE54-9A1E7A4F7556}") = "YazılımKampı1", "YazılımKampı1\YazılımKampı1.csproj", "{58E31969-2203-4FD9-981B-F0E32C6E9838}"
EndProject
Project("{9A19103F-16F7-4668-BE54-9A1E7A4F7556}") = "Donguler", "Donguler\Donguler.csproj", "{B3A0CC8B-15AB-43CE-887B-DF373F06209F}"
EndProject
Project("{9A19103F-16F7-4668-BE54-9A1E7A4F7556}") = "Classintro", "Classintro\Classintro.csproj", "{3580F36A-4948-4A45-9B9F-0183FF695B80}"
EndProject
Project("{9A19103F-16F7-4668-BE54-9A1E7A4F7556}") = "Methods", "Methods\Methods.csproj", "{DF335E2E-8001-4C05-B0BC-AF064218F0F7}"
EndProject
Project("{9A19103F-16F7-4668-BE54-9A1E7A4F7556}") = "Matematik", "Matematik\Matematik.csproj", "{AF88627D-58EB-4262-B56F-14631072B6DA}"
EndProject
Project("{9A19103F-16F7-4668-BE54-9A1E7A4F7556}") = "DegerVeReferansTipler", "DegerVeReferansTipler\DegerVeReferansTipler.csproj", "{798E81FB-81E0-4FBB-98CC-BE07E65DBC48}"
EndProject
Project("{9A19103F-16F7-4668-BE54-9A1E7A4F7556}") = "OOP1", "OOP1\OOP1.csproj", "{97D1DD94-994F-4214-A35A-4FE9D3B105D2}"
EndProject
Project("{9A19103F-16F7-4668-BE54-9A1E7A4F7556}") = "Collections", "Collections\Collections.csproj", "{FA105011-A372-44A1-BB24-41B5754FCA65}"
EndProject
Project("{9A19103F-16F7-4668-BE54-9A1E7A4F7556}") = "GenericsIntro", "GenericsIntro\GenericsIntro.csproj", "{1045C927-9867-4B3F-91E2-71B8309631E8}"
EndProject
Project("{9A19103F-16F7-4668-BE54-9A1E7A4F7556}") = "OOP2", "OOP2\OOP2.csproj", "{7635DC1F-6C7A-4930-BDA0-A0C8EA0CBF1E}"
EndProject
Project("{9A19103F-16F7-4668-BE54-9A1E7A4F7556}") = "OOP3", "OOP3\OOP3.csproj", "{BF906314-157B-465E-8865-BEC359237CC2}"
EndProject
Project("{FAE04EC0-301F-11D3-BF4B-00C04F79EFBC}") = "GameProjectEnginDemirog", "GameProjectEnginDemirog\GameProjectEnginDemirog.csproj", "{CE0CAAE4-30A3-4ABF-A7AE-DFA35620F801}"
EndProject
Global
	GlobalSection(SolutionConfigurationPlatforms) = preSolution
		Debug|Any CPU = Debug|Any CPU
		Release|Any CPU = Release|Any CPU
	EndGlobalSection
	GlobalSection(ProjectConfigurationPlatforms) = postSolution
		{58E31969-2203-4FD9-981B-F0E32C6E9838}.Debug|Any CPU.ActiveCfg = Debug|Any CPU
		{58E31969-2203-4FD9-981B-F0E32C6E9838}.Debug|Any CPU.Build.0 = Debug|Any CPU
		{58E31969-2203-4FD9-981B-F0E32C6E9838}.Release|Any CPU.ActiveCfg = Release|Any CPU
		{58E31969-2203-4FD9-981B-F0E32C6E9838}.Release|Any CPU.Build.0 = Release|Any CPU
		{B3A0CC8B-15AB-43CE-887B-DF373F06209F}.Debug|Any CPU.ActiveCfg = Debug|Any CPU
		{B3A0CC8B-15AB-43CE-887B-DF373F06209F}.Debug|Any CPU.Build.0 = Debug|Any CPU
		{B3A0CC8B-15AB-43CE-887B-DF373F06209F}.Release|Any CPU.ActiveCfg = Release|Any CPU
		{B3A0CC8B-15AB-43CE-887B-DF373F06209F}.Release|Any CPU.Build.0 = Release|Any CPU
		{3580F36A-4948-4A45-9B9F-0183FF695B80}.Debug|Any CPU.ActiveCfg = Debug|Any CPU
		{3580F36A-4948-4A45-9B9F-0183FF695B80}.Debug|Any CPU.Build.0 = Debug|Any CPU
		{3580F36A-4948-4A45-9B9F-0183FF695B80}.Release|Any CPU.ActiveCfg = Release|Any CPU
		{3580F36A-4948-4A45-9B9F-0183FF695B80}.Release|Any CPU.Build.0 = Release|Any CPU
		{DF335E2E-8001-4C05-B0BC-AF064218F0F7}.Debug|Any CPU.ActiveCfg = Debug|Any CPU
		{DF335E2E-8001-4C05-B0BC-AF064218F0F7}.Debug|Any CPU.Build.0 = Debug|Any CPU
		{DF335E2E-8001-4C05-B0BC-AF064218F0F7}.Release|Any CPU.ActiveCfg = Release|Any CPU
		{DF335E2E-8001-4C05-B0BC-AF064218F0F7}.Release|Any CPU.Build.0 = Release|Any CPU
		{AF88627D-58EB-4262-B56F-14631072B6DA}.Debug|Any CPU.ActiveCfg = Debug|Any CPU
		{AF88627D-58EB-4262-B56F-14631072B6DA}.Debug|Any CPU.Build.0 = Debug|Any CPU
		{AF88627D-58EB-4262-B56F-14631072B6DA}.Release|Any CPU.ActiveCfg = Release|Any CPU
		{AF88627D-58EB-4262-B56F-14631072B6DA}.Release|Any CPU.Build.0 = Release|Any CPU
		{798E81FB-81E0-4FBB-98CC-BE07E65DBC48}.Debug|Any CPU.ActiveCfg = Debug|Any CPU
		{798E81FB-81E0-4FBB-98CC-BE07E65DBC48}.Debug|Any CPU.Build.0 = Debug|Any CPU
		{798E81FB-81E0-4FBB-98CC-BE07E65DBC48}.Release|Any CPU.ActiveCfg = Release|Any CPU
		{798E81FB-81E0-4FBB-98CC-BE07E65DBC48}.Release|Any CPU.Build.0 = Release|Any CPU
		{97D1DD94-994F-4214-A35A-4FE9D3B105D2}.Debug|Any CPU.ActiveCfg = Debug|Any CPU
		{97D1DD94-994F-4214-A35A-4FE9D3B105D2}.Debug|Any CPU.Build.0 = Debug|Any CPU
		{97D1DD94-994F-4214-A35A-4FE9D3B105D2}.Release|Any CPU.ActiveCfg = Release|Any CPU
		{97D1DD94-994F-4214-A35A-4FE9D3B105D2}.Release|Any CPU.Build.0 = Release|Any CPU
		{FA105011-A372-44A1-BB24-41B5754FCA65}.Debug|Any CPU.ActiveCfg = Debug|Any CPU
		{FA105011-A372-44A1-BB24-41B5754FCA65}.Debug|Any CPU.Build.0 = Debug|Any CPU
		{FA105011-A372-44A1-BB24-41B5754FCA65}.Release|Any CPU.ActiveCfg = Release|Any CPU
		{FA105011-A372-44A1-BB24-41B5754FCA65}.Release|Any CPU.Build.0 = Release|Any CPU
		{1045C927-9867-4B3F-91E2-71B8309631E8}.Debug|Any CPU.ActiveCfg = Debug|Any CPU
		{1045C927-9867-4B3F-91E2-71B8309631E8}.Debug|Any CPU.Build.0 = Debug|Any CPU
		{1045C927-9867-4B3F-91E2-71B8309631E8}.Release|Any CPU.ActiveCfg = Release|Any CPU
		{1045C927-9867-4B3F-91E2-71B8309631E8}.Release|Any CPU.Build.0 = Release|Any CPU
		{7635DC1F-6C7A-4930-BDA0-A0C8EA0CBF1E}.Debug|Any CPU.ActiveCfg = Debug|Any CPU
		{7635DC1F-6C7A-4930-BDA0-A0C8EA0CBF1E}.Debug|Any CPU.Build.0 = Debug|Any CPU
		{7635DC1F-6C7A-4930-BDA0-A0C8EA0CBF1E}.Release|Any CPU.ActiveCfg = Release|Any CPU
		{7635DC1F-6C7A-4930-BDA0-A0C8EA0CBF1E}.Release|Any CPU.Build.0 = Release|Any CPU
		{BF906314-157B-465E-8865-BEC359237CC2}.Debug|Any CPU.ActiveCfg = Debug|Any CPU
		{BF906314-157B-465E-8865-BEC359237CC2}.Debug|Any CPU.Build.0 = Debug|Any CPU
		{BF906314-157B-465E-8865-BEC359237CC2}.Release|Any CPU.ActiveCfg = Release|Any CPU
		{BF906314-157B-465E-8865-BEC359237CC2}.Release|Any CPU.Build.0 = Release|Any CPU
		{CE0CAAE4-30A3-4ABF-A7AE-DFA35620F801}.Debug|Any CPU.ActiveCfg = Debug|Any CPU
		{CE0CAAE4-30A3-4ABF-A7AE-DFA35620F801}.Debug|Any CPU.Build.0 = Debug|Any CPU
		{CE0CAAE4-30A3-4ABF-A7AE-DFA35620F801}.Release|Any CPU.ActiveCfg = Release|Any CPU
		{CE0CAAE4-30A3-4ABF-A7AE-DFA35620F801}.Release|Any CPU.Build.0 = Release|Any CPU
	EndGlobalSection
	GlobalSection(SolutionProperties) = preSolution
		HideSolutionNode = FALSE
	EndGlobalSection
	GlobalSection(ExtensibilityGlobals) = postSolution
		SolutionGuid = {2F464A0E-C4B6-49FB-9537-1E94ADD64F0D}
	EndGlobalSection
EndGlobal
